
Microsoft Visual Studio Solution File, Format Version 12.00
# Visual Studio 15
Project("{FAE04EC0-301F-11D3-BF4B-00C04F79EFBC}") = "Assembly-CSharp", "Assembly-CSharp.csproj", "{BE78EB8C-044B-9FC0-FF9C-BE53075F5131}"
EndProject
Project("{FAE04EC0-301F-11D3-BF4B-00C04F79EFBC}") = "Assembly-CSharp-Editor", "Assembly-CSharp-Editor.csproj", "{0F451E31-B088-1406-27F9-B181887AAED4}"
EndProject
Global
	GlobalSection(SolutionConfigurationPlatforms) = preSolution
		Debug|Any CPU = Debug|Any CPU
		Release|Any CPU = Release|Any CPU
	EndGlobalSection
	GlobalSection(ProjectConfigurationPlatforms) = postSolution
		{BE78EB8C-044B-9FC0-FF9C-BE53075F5131}.Debug|Any CPU.ActiveCfg = Debug|Any CPU
		{BE78EB8C-044B-9FC0-FF9C-BE53075F5131}.Debug|Any CPU.Build.0 = Debug|Any CPU
		{BE78EB8C-044B-9FC0-FF9C-BE53075F5131}.Release|Any CPU.ActiveCfg = Release|Any CPU
		{BE78EB8C-044B-9FC0-FF9C-BE53075F5131}.Release|Any CPU.Build.0 = Release|Any CPU
		{0F451E31-B088-1406-27F9-B181887AAED4}.Debug|Any CPU.ActiveCfg = Debug|Any CPU
		{0F451E31-B088-1406-27F9-B181887AAED4}.Debug|Any CPU.Build.0 = Debug|Any CPU
		{0F451E31-B088-1406-27F9-B181887AAED4}.Release|Any CPU.ActiveCfg = Release|Any CPU
		{0F451E31-B088-1406-27F9-B181887AAED4}.Release|Any CPU.Build.0 = Release|Any CPU
	EndGlobalSection
	GlobalSection(SolutionProperties) = preSolution
		HideSolutionNode = FALSE
	EndGlobalSection
EndGlobal
